{
    "name": "jan-test-1",
    "requires": true,
    "lockfileVersion": 1,
    "dependencies": {
        "lodash": {
            "version": "4.17.4",
            "resolved": "https://registry.npmjs.org/lodash/-/lodash-4.17.4.tgz",
            "integrity": "sha1-eCA6TRwyiuHYbcpkYONptX9AVa4="
        },
        "neighbourhoodie-test-package": {
            "version": "67.2.0",
            "resolved": "https://registry.npmjs.org/neighbourhoodie-test-package/-/neighbourhoodie-test-package-67.2.0.tgz",
            "integrity": "sha512-XlF/9vEzSNYnQj+1C02Rku5xSAs/t26CM6Bms61oo7GSGQ0JDkqdwcCdXpEIYqMXtkdNCRlD6Hd/Feaj4/3lRA==",
            "requires": {
                "lodash": "4.17.4"
            }
        }
    }
}
